{
	"name": "lucid",
	"version": "0.1.0",
	"lockfileVersion": 3,
	"requires": true,
	"packages": {
		"": {
			"name": "lucid",
			"version": "0.1.0",
			"license": "MPL-2.0",
			"workspaces": [
				"apps/*",
				"libs/*"
			],
			"dependencies": {
				"@lucid-framework/payments": "file:libs/payments",
				"@lucid-framework/surreal": "file:libs/surreal",
				"@types/uuid": "^9.0.0",
				"stripe": "^11.9.1",
				"typescript": "^4.9.4",
				"uuid": "^9.0.0"
			},
			"devDependencies": {
				"@lucid-framework/orm": "file:libs/orm",
				"@phenomnomnominal/tsquery": "^5.0.0",
				"@types/node": "^18.11.18",
				"bun-types": "latest"
			}
		},
		"libs/orm": {
			"version": "0.1.2",
			"license": "MPL-2.0"
		},
		"libs/payments": {
			"version": "0.1.2",
			"license": "MPL-2.0"
		},
		"libs/surreal": {
			"version": "0.1.2",
			"license": "MPL-2.0"
		},
		"node_modules/@lucid-framework/client": {
			"resolved": "libs/surreal",
			"link": true
		},
		"node_modules/@lucid-framework/orm": {
			"resolved": "libs/orm",
			"link": true
		},
		"node_modules/@lucid-framework/payments": {
			"resolved": "libs/payments",
			"link": true
		},
		"node_modules/@lucid-framework/surreal": {
			"name": "@lucid-framework/client",
			"version": "0.1.2",
			"resolved": "file:libs/surreal",
			"license": "MPL-2.0"
		},
		"node_modules/@phenomnomnominal/tsquery": {
			"version": "5.0.0",
			"resolved": "https://registry.npmjs.org/@phenomnomnominal/tsquery/-/tsquery-5.0.0.tgz",
			"integrity": "sha512-1k9H74MJJrlZbUuM6rG0Kwifu/ZoshH+Qs1QXJ2P2RD6MRE/D49uSzXosOXIpIrRQNtij3bnkukexIZhgM/Q8g==",
			"dev": true,
			"dependencies": {
				"esquery": "^1.4.0"
			},
			"peerDependencies": {
				"typescript": "^3 || ^4"
			}
		},
		"node_modules/@types/node": {
			"version": "18.14.0",
			"resolved": "https://registry.npmjs.org/@types/node/-/node-18.14.0.tgz",
			"integrity": "sha512-5EWrvLmglK+imbCJY0+INViFWUHg1AHel1sq4ZVSfdcNqGy9Edv3UB9IIzzg+xPaUcAgZYcfVs2fBcwDeZzU0A=="
		},
		"node_modules/@types/uuid": {
			"version": "9.0.1",
			"resolved": "https://registry.npmjs.org/@types/uuid/-/uuid-9.0.1.tgz",
			"integrity": "sha512-rFT3ak0/2trgvp4yYZo5iKFEPsET7vKydKF+VRCxlQ9bpheehyAJH89dAkaLEq/j/RZXJIqcgsmPJKUP1Z28HA=="
		},
		"node_modules/bun-types": {
			"version": "0.5.6",
			"resolved": "https://registry.npmjs.org/bun-types/-/bun-types-0.5.6.tgz",
			"integrity": "sha512-c4XXSAo4gA03XE3EIOB1bcLxUvWMzhiE9AQdoZi+3fplNLpyeOw7UJM3o1UCtk00NYZQIbgC/eJ88QrlSdxhxg==",
			"dev": true
		},
		"node_modules/call-bind": {
			"version": "1.0.2",
			"resolved": "https://registry.npmjs.org/call-bind/-/call-bind-1.0.2.tgz",
			"integrity": "sha512-7O+FbCihrB5WGbFYesctwmTKae6rOiIzmz1icreWJ+0aA7LJfuqhEso2T9ncpcFtzMQtzXf2QGGueWJGTYsqrA==",
			"dependencies": {
				"function-bind": "^1.1.1",
				"get-intrinsic": "^1.0.2"
			},
			"funding": {
				"url": "https://github.com/sponsors/ljharb"
			}
		},
		"node_modules/esquery": {
			"version": "1.4.2",
			"resolved": "https://registry.npmjs.org/esquery/-/esquery-1.4.2.tgz",
			"integrity": "sha512-JVSoLdTlTDkmjFmab7H/9SL9qGSyjElT3myyKp7krqjVFQCDLmj1QFaCLRFBszBKI0XVZaiiXvuPIX3ZwHe1Ng==",
			"dev": true,
			"dependencies": {
				"estraverse": "^5.1.0"
			},
			"engines": {
				"node": ">=0.10"
			}
		},
		"node_modules/estraverse": {
			"version": "5.3.0",
			"resolved": "https://registry.npmjs.org/estraverse/-/estraverse-5.3.0.tgz",
			"integrity": "sha512-MMdARuVEQziNTeJD8DgMqmhwR11BRQ/cBP+pLtYdSTnf3MIO8fFeiINEbX36ZdNlfU/7A9f3gUw49B3oQsvwBA==",
			"dev": true,
			"engines": {
				"node": ">=4.0"
			}
		},
		"node_modules/function-bind": {
			"version": "1.1.1",
			"resolved": "https://registry.npmjs.org/function-bind/-/function-bind-1.1.1.tgz",
			"integrity": "sha512-yIovAzMX49sF8Yl58fSCWJ5svSLuaibPxXQJFLmBObTuCr0Mf1KiPopGM9NiFjiYBCbfaa2Fh6breQ6ANVTI0A=="
		},
		"node_modules/get-intrinsic": {
			"version": "1.2.0",
			"resolved": "https://registry.npmjs.org/get-intrinsic/-/get-intrinsic-1.2.0.tgz",
			"integrity": "sha512-L049y6nFOuom5wGyRc3/gdTLO94dySVKRACj1RmJZBQXlbTMhtNIgkWkUHq+jYmZvKf14EW1EoJnnjbmoHij0Q==",
			"dependencies": {
				"function-bind": "^1.1.1",
				"has": "^1.0.3",
				"has-symbols": "^1.0.3"
			},
			"funding": {
				"url": "https://github.com/sponsors/ljharb"
			}
		},
		"node_modules/has": {
			"version": "1.0.3",
			"resolved": "https://registry.npmjs.org/has/-/has-1.0.3.tgz",
			"integrity": "sha512-f2dvO0VU6Oej7RkWJGrehjbzMAjFp5/VKPp5tTpWIV4JHHZK1/BxbFRtf/siA2SWTe09caDmVtYYzWEIbBS4zw==",
			"dependencies": {
				"function-bind": "^1.1.1"
			},
			"engines": {
				"node": ">= 0.4.0"
			}
		},
		"node_modules/has-symbols": {
			"version": "1.0.3",
			"resolved": "https://registry.npmjs.org/has-symbols/-/has-symbols-1.0.3.tgz",
			"integrity": "sha512-l3LCuF6MgDNwTDKkdYGEihYjt5pRPbEg46rtlmnSPlUbgmB8LOIrKJbYYFBSbnPaJexMKtiPO8hmeRjRz2Td+A==",
			"engines": {
				"node": ">= 0.4"
			},
			"funding": {
				"url": "https://github.com/sponsors/ljharb"
			}
		},
		"node_modules/object-inspect": {
			"version": "1.12.3",
			"resolved": "https://registry.npmjs.org/object-inspect/-/object-inspect-1.12.3.tgz",
			"integrity": "sha512-geUvdk7c+eizMNUDkRpW1wJwgfOiOeHbxBR/hLXK1aT6zmVSO0jsQcs7fj6MGw89jC/cjGfLcNOrtMYtGqm81g==",
			"funding": {
				"url": "https://github.com/sponsors/ljharb"
			}
		},
		"node_modules/qs": {
			"version": "6.11.0",
			"resolved": "https://registry.npmjs.org/qs/-/qs-6.11.0.tgz",
			"integrity": "sha512-MvjoMCJwEarSbUYk5O+nmoSzSutSsTwF85zcHPQ9OrlFoZOYIjaqBAJIqIXjptyD5vThxGq52Xu/MaJzRkIk4Q==",
			"dependencies": {
				"side-channel": "^1.0.4"
			},
			"engines": {
				"node": ">=0.6"
			},
			"funding": {
				"url": "https://github.com/sponsors/ljharb"
			}
		},
		"node_modules/side-channel": {
			"version": "1.0.4",
			"resolved": "https://registry.npmjs.org/side-channel/-/side-channel-1.0.4.tgz",
			"integrity": "sha512-q5XPytqFEIKHkGdiMIrY10mvLRvnQh42/+GoBlFW3b2LXLE2xxJpZFdm94we0BaoV3RwJyGqg5wS7epxTv0Zvw==",
			"dependencies": {
				"call-bind": "^1.0.0",
				"get-intrinsic": "^1.0.2",
				"object-inspect": "^1.9.0"
			},
			"funding": {
				"url": "https://github.com/sponsors/ljharb"
			}
		},
		"node_modules/stripe": {
			"version": "11.11.0",
			"resolved": "https://registry.npmjs.org/stripe/-/stripe-11.11.0.tgz",
			"integrity": "sha512-CT8TZJ+bUaMmqCOljHdKwHTWym0bscrCHrKmvK2KoTaz/9gDIzG+lXTJOFUOb3K7Jwaoaori4yEVzOgA7U46+g==",
			"dependencies": {
				"@types/node": ">=8.1.0",
				"qs": "^6.11.0"
			},
			"engines": {
				"node": ">=12.*"
			}
		},
		"node_modules/typescript": {
			"version": "4.9.5",
			"resolved": "https://registry.npmjs.org/typescript/-/typescript-4.9.5.tgz",
			"integrity": "sha512-1FXk9E2Hm+QzZQ7z+McJiHL4NW1F2EzMu9Nq9i3zAaGqibafqYwCVU6WyWAuyQRRzOlxou8xZSyXLEN8oKj24g==",
			"bin": {
				"tsc": "bin/tsc",
				"tsserver": "bin/tsserver"
			},
			"engines": {
				"node": ">=4.2.0"
			}
		},
		"node_modules/uuid": {
			"version": "9.0.0",
			"resolved": "https://registry.npmjs.org/uuid/-/uuid-9.0.0.tgz",
			"integrity": "sha512-MXcSTerfPa4uqyzStbRoTgt5XIe3x5+42+q1sDuy3R5MDk66URdLMOZe5aPX/SQd+kuYAh0FdP/pO28IkQyTeg==",
			"bin": {
				"uuid": "dist/bin/uuid"
			}
		}
	}
}
