{
    "name": "lucid",
    "version": "0.1.0",
    "lockfileVersion": 3,
    "requires": true,
    "packages": {
        "": {
            "name": "lucid",
            "version": "0.1.0",
            "workspaces": [
                "apps/*",
                "libs/*"
            ],
            "dependencies": {
                "@lucid-framework/payments": "file:libs/payments",
                "@lucid-framework/surreal": "file:libs/surreal",
                "@surreal-tools/orm": "file:libs/orm",
                "@surreal-tools/schema-generator": "file:libs/schema-generator",
                "@types/uuid": "^9.0.0",
                "cmd-ts": "^0.12.0",
                "isomorphic-fetch": "^3.0.0",
                "isomorphic-ws": "^5.0.0",
                "singleton-js": "^1.0.0",
                "typescript": "^4.9.4",
                "uuid": "^9.0.0"
            },
            "devDependencies": {
                "@phenomnomnominal/tsquery": "^5.0.0",
                "@types/node": "^18.11.18",
                "bun-types": "latest"
            }
        },
        "apps/cli": {
            "name": "@lucid-framework/cli",
            "version": "0.1.0",
            "dependencies": {
                "typescript": "5.0.0-dev.20230122"
            }
        },
        "apps/cli/node_modules/typescript": {
            "version": "5.0.0-dev.20230122",
            "license": "Apache-2.0",
            "bin": {
                "tsc": "bin/tsc",
                "tsserver": "bin/tsserver"
            },
            "engines": {
                "node": ">=4.2.0"
            }
        },
        "libs/orm": {
            "name": "@lucid-framework/orm",
            "version": "0.1.0-alpha.8"
        },
        "libs/payments": {
            "name": "@lucid-framework/payments",
            "version": "0.1.0"
        },
        "libs/schema-generator": {
            "name": "@lucid-framework/schema-generator",
            "version": "0.1.0"
        },
        "libs/surreal": {
            "name": "@lucid-framework/client",
            "version": "0.1.0"
        },
        "node_modules/@lucid-framework/cli": {
            "resolved": "apps/cli",
            "link": true
        },
        "node_modules/@lucid-framework/client": {
            "resolved": "libs/surreal",
            "link": true
        },
        "node_modules/@lucid-framework/orm": {
            "resolved": "libs/orm",
            "link": true
        },
        "node_modules/@lucid-framework/payments": {
            "resolved": "libs/payments",
            "link": true
        },
        "node_modules/@lucid-framework/schema-generator": {
            "resolved": "libs/schema-generator",
            "link": true
        },
        "node_modules/@lucid-framework/surreal": {
            "resolved": "libs/surreal",
            "link": true
        },
        "node_modules/@phenomnomnominal/tsquery": {
            "version": "5.0.0",
            "resolved": "https://registry.npmjs.org/@phenomnomnominal/tsquery/-/tsquery-5.0.0.tgz",
            "integrity": "sha512-1k9H74MJJrlZbUuM6rG0Kwifu/ZoshH+Qs1QXJ2P2RD6MRE/D49uSzXosOXIpIrRQNtij3bnkukexIZhgM/Q8g==",
            "dev": true,
            "dependencies": {
                "esquery": "^1.4.0"
            },
            "peerDependencies": {
                "typescript": "^3 || ^4"
            }
        },
        "node_modules/@surreal-tools/orm": {
            "resolved": "libs/orm",
            "link": true
        },
        "node_modules/@surreal-tools/schema-generator": {
            "resolved": "libs/schema-generator",
            "link": true
        },
        "node_modules/@types/node": {
            "version": "18.13.0",
            "resolved": "https://registry.npmjs.org/@types/node/-/node-18.13.0.tgz",
            "integrity": "sha512-gC3TazRzGoOnoKAhUx+Q0t8S9Tzs74z7m0ipwGpSqQrleP14hKxP4/JUeEQcD3W1/aIpnWl8pHowI7WokuZpXg==",
            "dev": true
        },
        "node_modules/@types/uuid": {
            "version": "9.0.0",
            "resolved": "https://registry.npmjs.org/@types/uuid/-/uuid-9.0.0.tgz",
            "integrity": "sha512-kr90f+ERiQtKWMz5rP32ltJ/BtULDI5RVO0uavn1HQUOwjx0R1h0rnDYNL0CepF1zL5bSY6FISAfd9tOdDhU5Q=="
        },
        "node_modules/ansi-regex": {
            "version": "5.0.1",
            "resolved": "https://registry.npmjs.org/ansi-regex/-/ansi-regex-5.0.1.tgz",
            "integrity": "sha512-quJQXlTSUGL2LH9SUXo8VwsY4soanhgo6LNSm84E1LBcE8s3O0wpdiRzyR9z/ZZJMlMWv37qOOb9pdJlMUEKFQ==",
            "engines": {
                "node": ">=8"
            }
        },
        "node_modules/ansi-styles": {
            "version": "4.3.0",
            "resolved": "https://registry.npmjs.org/ansi-styles/-/ansi-styles-4.3.0.tgz",
            "integrity": "sha512-zbB9rCJAT1rbjiVDb2hqKFHNYLxgtk8NURxZ3IZwD3F6NtxbXZQCnnSi1Lkx+IDohdPlFp222wVALIheZJQSEg==",
            "dependencies": {
                "color-convert": "^2.0.1"
            },
            "engines": {
                "node": ">=8"
            },
            "funding": {
                "url": "https://github.com/chalk/ansi-styles?sponsor=1"
            }
        },
        "node_modules/bun-types": {
            "version": "0.5.4",
            "resolved": "https://registry.npmjs.org/bun-types/-/bun-types-0.5.4.tgz",
            "integrity": "sha512-vBFE1TJZIdG+bJ8T8xnZdnhv+g3zku1JKjdBU3cxDWMV28JeKBRT+suKYyqUD+PmUemog+dcqVfe4Nj4OV4t9g==",
            "dev": true
        },
        "node_modules/chalk": {
            "version": "4.1.2",
            "resolved": "https://registry.npmjs.org/chalk/-/chalk-4.1.2.tgz",
            "integrity": "sha512-oKnbhFyRIXpUuez8iBMmyEa4nbj4IOQyuhc/wy9kY7/WVPcwIO9VA668Pu8RkO7+0G76SLROeyw9CpQ061i4mA==",
            "dependencies": {
                "ansi-styles": "^4.1.0",
                "supports-color": "^7.1.0"
            },
            "engines": {
                "node": ">=10"
            },
            "funding": {
                "url": "https://github.com/chalk/chalk?sponsor=1"
            }
        },
        "node_modules/cmd-ts": {
            "version": "0.12.0",
            "resolved": "https://registry.npmjs.org/cmd-ts/-/cmd-ts-0.12.0.tgz",
            "integrity": "sha512-cVNVo0A+OWC6YS/uAKtwjN/zrY/pjDGslp7jnaL7R5OmQRJzuKTUsqniJYBoRrmi1YT0DS615Z7CfGDShMSmvA==",
            "dependencies": {
                "chalk": "^4.0.0",
                "debug": "^4.3.4",
                "didyoumean": "^1.2.2",
                "strip-ansi": "^6.0.0"
            }
        },
        "node_modules/color-convert": {
            "version": "2.0.1",
            "resolved": "https://registry.npmjs.org/color-convert/-/color-convert-2.0.1.tgz",
            "integrity": "sha512-RRECPsj7iu/xb5oKYcsFHSppFNnsj/52OVTRKb4zP5onXwVF3zVmmToNcOfGC+CRDpfK/U584fMg38ZHCaElKQ==",
            "dependencies": {
                "color-name": "~1.1.4"
            },
            "engines": {
                "node": ">=7.0.0"
            }
        },
        "node_modules/color-name": {
            "version": "1.1.4",
            "resolved": "https://registry.npmjs.org/color-name/-/color-name-1.1.4.tgz",
            "integrity": "sha512-dOy+3AuW3a2wNbZHIuMZpTcgjGuLU/uBL/ubcZF9OXbDo8ff4O8yVp5Bf0efS8uEoYo5q4Fx7dY9OgQGXgAsQA=="
        },
        "node_modules/debug": {
            "version": "4.3.4",
            "resolved": "https://registry.npmjs.org/debug/-/debug-4.3.4.tgz",
            "integrity": "sha512-PRWFHuSU3eDtQJPvnNY7Jcket1j0t5OuOsFzPPzsekD52Zl8qUfFIPEiswXqIvHWGVHOgX+7G/vCNNhehwxfkQ==",
            "dependencies": {
                "ms": "2.1.2"
            },
            "engines": {
                "node": ">=6.0"
            },
            "peerDependenciesMeta": {
                "supports-color": {
                    "optional": true
                }
            }
        },
        "node_modules/didyoumean": {
            "version": "1.2.2",
            "resolved": "https://registry.npmjs.org/didyoumean/-/didyoumean-1.2.2.tgz",
            "integrity": "sha512-gxtyfqMg7GKyhQmb056K7M3xszy/myH8w+B4RT+QXBQsvAOdc3XymqDDPHx1BgPgsdAA5SIifona89YtRATDzw=="
        },
        "node_modules/esquery": {
            "version": "1.4.0",
            "resolved": "https://registry.npmjs.org/esquery/-/esquery-1.4.0.tgz",
            "integrity": "sha512-cCDispWt5vHHtwMY2YrAQ4ibFkAL8RbH5YGBnZBc90MolvvfkkQcJro/aZiAQUlQ3qgrYS6D6v8Gc5G5CQsc9w==",
            "dev": true,
            "dependencies": {
                "estraverse": "^5.1.0"
            },
            "engines": {
                "node": ">=0.10"
            }
        },
        "node_modules/estraverse": {
            "version": "5.3.0",
            "resolved": "https://registry.npmjs.org/estraverse/-/estraverse-5.3.0.tgz",
            "integrity": "sha512-MMdARuVEQziNTeJD8DgMqmhwR11BRQ/cBP+pLtYdSTnf3MIO8fFeiINEbX36ZdNlfU/7A9f3gUw49B3oQsvwBA==",
            "dev": true,
            "engines": {
                "node": ">=4.0"
            }
        },
        "node_modules/has-flag": {
            "version": "4.0.0",
            "resolved": "https://registry.npmjs.org/has-flag/-/has-flag-4.0.0.tgz",
            "integrity": "sha512-EykJT/Q1KjTWctppgIAgfSO0tKVuZUjhgMr17kqTumMl6Afv3EISleU7qZUzoXDFTAHTDC4NOoG/ZxU3EvlMPQ==",
            "engines": {
                "node": ">=8"
            }
        },
        "node_modules/isomorphic-fetch": {
            "version": "3.0.0",
            "resolved": "https://registry.npmjs.org/isomorphic-fetch/-/isomorphic-fetch-3.0.0.tgz",
            "integrity": "sha512-qvUtwJ3j6qwsF3jLxkZ72qCgjMysPzDfeV240JHiGZsANBYd+EEuu35v7dfrJ9Up0Ak07D7GGSkGhCHTqg/5wA==",
            "dependencies": {
                "node-fetch": "^2.6.1",
                "whatwg-fetch": "^3.4.1"
            }
        },
        "node_modules/isomorphic-ws": {
            "version": "5.0.0",
            "resolved": "https://registry.npmjs.org/isomorphic-ws/-/isomorphic-ws-5.0.0.tgz",
            "integrity": "sha512-muId7Zzn9ywDsyXgTIafTry2sV3nySZeUDe6YedVd1Hvuuep5AsIlqK+XefWpYTyJG5e503F2xIuT2lcU6rCSw==",
            "peerDependencies": {
                "ws": "*"
            }
        },
        "node_modules/ms": {
            "version": "2.1.2",
            "resolved": "https://registry.npmjs.org/ms/-/ms-2.1.2.tgz",
            "integrity": "sha512-sGkPx+VjMtmA6MX27oA4FBFELFCZZ4S4XqeGOXCv68tT+jb3vk/RyaKWP0PTKyWtmLSM0b+adUTEvbs1PEaH2w=="
        },
        "node_modules/node-fetch": {
            "version": "2.6.9",
            "resolved": "https://registry.npmjs.org/node-fetch/-/node-fetch-2.6.9.tgz",
            "integrity": "sha512-DJm/CJkZkRjKKj4Zi4BsKVZh3ValV5IR5s7LVZnW+6YMh0W1BfNA8XSs6DLMGYlId5F3KnA70uu2qepcR08Qqg==",
            "dependencies": {
                "whatwg-url": "^5.0.0"
            },
            "engines": {
                "node": "4.x || >=6.0.0"
            },
            "peerDependencies": {
                "encoding": "^0.1.0"
            },
            "peerDependenciesMeta": {
                "encoding": {
                    "optional": true
                }
            }
        },
        "node_modules/singleton-js": {
            "version": "1.0.0",
            "resolved": "https://registry.npmjs.org/singleton-js/-/singleton-js-1.0.0.tgz",
            "integrity": "sha512-u1jn/r8pOTtZOmntUssE1O+n7sqDZbXgQ6Zms0G+jVLqAvPs+D39BCKmGDhS78YinaAOB97+ryc1np8hLxRGPg=="
        },
        "node_modules/strip-ansi": {
            "version": "6.0.1",
            "resolved": "https://registry.npmjs.org/strip-ansi/-/strip-ansi-6.0.1.tgz",
            "integrity": "sha512-Y38VPSHcqkFrCpFnQ9vuSXmquuv5oXOKpGeT6aGrr3o3Gc9AlVa6JBfUSOCnbxGGZF+/0ooI7KrPuUSztUdU5A==",
            "dependencies": {
                "ansi-regex": "^5.0.1"
            },
            "engines": {
                "node": ">=8"
            }
        },
        "node_modules/supports-color": {
            "version": "7.2.0",
            "resolved": "https://registry.npmjs.org/supports-color/-/supports-color-7.2.0.tgz",
            "integrity": "sha512-qpCAvRl9stuOHveKsn7HncJRvv501qIacKzQlO/+Lwxc9+0q2wLyv4Dfvt80/DPn2pqOBsJdDiogXGR9+OvwRw==",
            "dependencies": {
                "has-flag": "^4.0.0"
            },
            "engines": {
                "node": ">=8"
            }
        },
        "node_modules/tr46": {
            "version": "0.0.3",
            "resolved": "https://registry.npmjs.org/tr46/-/tr46-0.0.3.tgz",
            "integrity": "sha512-N3WMsuqV66lT30CrXNbEjx4GEwlow3v6rr4mCcv6prnfwhS01rkgyFdjPNBYd9br7LpXV1+Emh01fHnq2Gdgrw=="
        },
        "node_modules/typescript": {
            "version": "4.9.5",
            "resolved": "https://registry.npmjs.org/typescript/-/typescript-4.9.5.tgz",
            "integrity": "sha512-1FXk9E2Hm+QzZQ7z+McJiHL4NW1F2EzMu9Nq9i3zAaGqibafqYwCVU6WyWAuyQRRzOlxou8xZSyXLEN8oKj24g==",
            "bin": {
                "tsc": "bin/tsc",
                "tsserver": "bin/tsserver"
            },
            "engines": {
                "node": ">=4.2.0"
            }
        },
        "node_modules/uuid": {
            "version": "9.0.0",
            "resolved": "https://registry.npmjs.org/uuid/-/uuid-9.0.0.tgz",
            "integrity": "sha512-MXcSTerfPa4uqyzStbRoTgt5XIe3x5+42+q1sDuy3R5MDk66URdLMOZe5aPX/SQd+kuYAh0FdP/pO28IkQyTeg==",
            "bin": {
                "uuid": "dist/bin/uuid"
            }
        },
        "node_modules/webidl-conversions": {
            "version": "3.0.1",
            "resolved": "https://registry.npmjs.org/webidl-conversions/-/webidl-conversions-3.0.1.tgz",
            "integrity": "sha512-2JAn3z8AR6rjK8Sm8orRC0h/bcl/DqL7tRPdGZ4I1CjdF+EaMLmYxBHyXuKL849eucPFhvBoxMsflfOb8kxaeQ=="
        },
        "node_modules/whatwg-fetch": {
            "version": "3.6.2",
            "resolved": "https://registry.npmjs.org/whatwg-fetch/-/whatwg-fetch-3.6.2.tgz",
            "integrity": "sha512-bJlen0FcuU/0EMLrdbJ7zOnW6ITZLrZMIarMUVmdKtsGvZna8vxKYaexICWPfZ8qwf9fzNq+UEIZrnSaApt6RA=="
        },
        "node_modules/whatwg-url": {
            "version": "5.0.0",
            "resolved": "https://registry.npmjs.org/whatwg-url/-/whatwg-url-5.0.0.tgz",
            "integrity": "sha512-saE57nupxk6v3HY35+jzBwYa0rKSy0XR8JSxZPwgLr7ys0IBzhGviA1/TUGJLmSVqs8pb9AnvICXEuOHLprYTw==",
            "dependencies": {
                "tr46": "~0.0.3",
                "webidl-conversions": "^3.0.0"
            }
        },
        "node_modules/ws": {
            "version": "8.12.0",
            "resolved": "https://registry.npmjs.org/ws/-/ws-8.12.0.tgz",
            "integrity": "sha512-kU62emKIdKVeEIOIKVegvqpXMSTAMLJozpHZaJNDYqBjzlSYXQGviYwN1osDLJ9av68qHd4a2oSjd7yD4pacig==",
            "peer": true,
            "engines": {
                "node": ">=10.0.0"
            },
            "peerDependencies": {
                "bufferutil": "^4.0.1",
                "utf-8-validate": ">=5.0.2"
            },
            "peerDependenciesMeta": {
                "bufferutil": {
                    "optional": true
                },
                "utf-8-validate": {
                    "optional": true
                }
            }
        }
    }
}
