{
    "name": "lucid",
    "version": "0.1.0",
    "lockfileVersion": 3,
    "requires": true,
    "packages": {
        "": {
            "name": "lucid",
            "version": "0.1.0",
            "workspaces": [
                "apps/*",
                "libs/*"
            ],
            "dependencies": {
                "@lucid-framework/surreal": "file:libs/surreal",
                "@surreal-tools/orm": "file:libs/orm",
                "@surreal-tools/schema-generator": "file:libs/schema-generator",
                "@types/uuid": "^9.0.0",
                "cmd-ts": "^0.12.0",
                "singleton-js": "^1.0.0",
                "typescript": "^4.9.4",
                "uuid": "^9.0.0"
            },
            "devDependencies": {
                "@phenomnomnominal/tsquery": "^5.0.0",
                "@types/node": "^18.11.18",
                "bun-types": "latest",
                "reflect-metadata": "^0.1.13"
            }
        },
        "apps/cli": {
            "name": "@surreal-tools/cli",
            "version": "0.1.0",
            "dependencies": {
                "typescript": "5.0.0-dev.20230122"
            }
        },
        "apps/cli/node_modules/typescript": {
            "version": "5.0.0-dev.20230122",
            "license": "Apache-2.0",
            "bin": {
                "tsc": "bin/tsc",
                "tsserver": "bin/tsserver"
            },
            "engines": {
                "node": ">=4.2.0"
            }
        },
        "libs/orm": {
            "name": "@surreal-tools/orm",
            "version": "0.1.0-alpha.8"
        },
        "libs/schema-generator": {
            "name": "@surreal-tools/schema-generator",
            "version": "0.1.0",
            "devDependencies": {
                "@types/node": "^18.11.18"
            }
        },
        "libs/surreal": {
            "name": "@lucid-framework/surreal",
            "version": "0.1.0"
        },
        "node_modules/@lucid-framework/surreal": {
            "resolved": "libs/surreal",
            "link": true
        },
        "node_modules/@phenomnomnominal/tsquery": {
            "version": "5.0.0",
            "dev": true,
            "license": "MIT",
            "dependencies": {
                "esquery": "^1.4.0"
            },
            "peerDependencies": {
                "typescript": "^3 || ^4"
            }
        },
        "node_modules/@surreal-tools/cli": {
            "resolved": "apps/cli",
            "link": true
        },
        "node_modules/@surreal-tools/orm": {
            "resolved": "libs/orm",
            "link": true
        },
        "node_modules/@surreal-tools/schema-generator": {
            "resolved": "libs/schema-generator",
            "link": true
        },
        "node_modules/@types/node": {
            "version": "18.11.18",
            "dev": true,
            "license": "MIT"
        },
        "node_modules/@types/uuid": {
            "version": "9.0.0",
            "license": "MIT"
        },
        "node_modules/ansi-regex": {
            "version": "5.0.1",
            "license": "MIT",
            "engines": {
                "node": ">=8"
            }
        },
        "node_modules/ansi-styles": {
            "version": "4.3.0",
            "license": "MIT",
            "dependencies": {
                "color-convert": "^2.0.1"
            },
            "engines": {
                "node": ">=8"
            },
            "funding": {
                "url": "https://github.com/chalk/ansi-styles?sponsor=1"
            }
        },
        "node_modules/bun-types": {
            "version": "0.5.4",
            "resolved": "https://registry.npmjs.org/bun-types/-/bun-types-0.5.4.tgz",
            "integrity": "sha512-vBFE1TJZIdG+bJ8T8xnZdnhv+g3zku1JKjdBU3cxDWMV28JeKBRT+suKYyqUD+PmUemog+dcqVfe4Nj4OV4t9g==",
            "dev": true
        },
        "node_modules/chalk": {
            "version": "4.1.2",
            "license": "MIT",
            "dependencies": {
                "ansi-styles": "^4.1.0",
                "supports-color": "^7.1.0"
            },
            "engines": {
                "node": ">=10"
            },
            "funding": {
                "url": "https://github.com/chalk/chalk?sponsor=1"
            }
        },
        "node_modules/cmd-ts": {
            "version": "0.12.0",
            "license": "MIT",
            "dependencies": {
                "chalk": "^4.0.0",
                "debug": "^4.3.4",
                "didyoumean": "^1.2.2",
                "strip-ansi": "^6.0.0"
            }
        },
        "node_modules/color-convert": {
            "version": "2.0.1",
            "license": "MIT",
            "dependencies": {
                "color-name": "~1.1.4"
            },
            "engines": {
                "node": ">=7.0.0"
            }
        },
        "node_modules/color-name": {
            "version": "1.1.4",
            "license": "MIT"
        },
        "node_modules/debug": {
            "version": "4.3.4",
            "license": "MIT",
            "dependencies": {
                "ms": "2.1.2"
            },
            "engines": {
                "node": ">=6.0"
            },
            "peerDependenciesMeta": {
                "supports-color": {
                    "optional": true
                }
            }
        },
        "node_modules/didyoumean": {
            "version": "1.2.2",
            "license": "Apache-2.0"
        },
        "node_modules/esquery": {
            "version": "1.4.0",
            "dev": true,
            "license": "BSD-3-Clause",
            "dependencies": {
                "estraverse": "^5.1.0"
            },
            "engines": {
                "node": ">=0.10"
            }
        },
        "node_modules/estraverse": {
            "version": "5.3.0",
            "dev": true,
            "license": "BSD-2-Clause",
            "engines": {
                "node": ">=4.0"
            }
        },
        "node_modules/has-flag": {
            "version": "4.0.0",
            "license": "MIT",
            "engines": {
                "node": ">=8"
            }
        },
        "node_modules/ms": {
            "version": "2.1.2",
            "license": "MIT"
        },
        "node_modules/reflect-metadata": {
            "version": "0.1.13",
            "dev": true,
            "license": "Apache-2.0"
        },
        "node_modules/singleton-js": {
            "version": "1.0.0",
            "license": "MIT"
        },
        "node_modules/strip-ansi": {
            "version": "6.0.1",
            "license": "MIT",
            "dependencies": {
                "ansi-regex": "^5.0.1"
            },
            "engines": {
                "node": ">=8"
            }
        },
        "node_modules/supports-color": {
            "version": "7.2.0",
            "license": "MIT",
            "dependencies": {
                "has-flag": "^4.0.0"
            },
            "engines": {
                "node": ">=8"
            }
        },
        "node_modules/typescript": {
            "version": "4.9.5",
            "license": "Apache-2.0",
            "bin": {
                "tsc": "bin/tsc",
                "tsserver": "bin/tsserver"
            },
            "engines": {
                "node": ">=4.2.0"
            }
        },
        "node_modules/uuid": {
            "version": "9.0.0",
            "license": "MIT",
            "bin": {
                "uuid": "dist/bin/uuid"
            }
        }
    }
}
